<?xml version="1.0" encoding="utf-8"?>
<Project ToolsVersion="4.0" xmlns="http://schemas.microsoft.com/developer/msbuild/2003">
  <ItemGroup>
    <Filter Include="소스 파일">
      <UniqueIdentifier>{4FC737F1-C7A5-4376-A066-2A32D752A2FF}</UniqueIdentifier>
      <Extensions>cpp;c;cc;cxx;c++;cppm;ixx;def;odl;idl;hpj;bat;asm;asmx</Extensions>
    </Filter>
    <Filter Include="헤더 파일">
      <UniqueIdentifier>{93995380-89BD-4b04-88EB-625FBE52EBFB}</UniqueIdentifier>
      <Extensions>h;hh;hpp;hxx;h++;hm;inl;inc;ipp;xsd</Extensions>
    </Filter>
    <Filter Include="리소스 파일">
      <UniqueIdentifier>{67DA6AB6-F800-4c08-8B7A-83BB121AAD01}</UniqueIdentifier>
      <Extensions>rc;ico;cur;bmp;dlg;rc2;rct;bin;rgs;gif;jpg;jpeg;jpe;resx;tiff;tif;png;wav;mfcribbon-ms</Extensions>
    </Filter>
    <Filter Include="Shader">
      <UniqueIdentifier>{f9426bb8-10f9-4723-a5ac-d6eb634f2b89}</UniqueIdentifier>
    </Filter>
    <Filter Include="헤더 파일\BulletPhysics">
      <UniqueIdentifier>{2e9190ab-2437-4090-90b4-2d1683d83f70}</UniqueIdentifier>
    </Filter>
    <Filter Include="헤더 파일\Load">
      <UniqueIdentifier>{9ec7e6c4-40ce-46a8-81f8-a19bbdee7679}</UniqueIdentifier>
    </Filter>
    <Filter Include="헤더 파일\Object">
      <UniqueIdentifier>{7bd31288-bdbb-40c7-9f82-4dc7e007525b}</UniqueIdentifier>
    </Filter>
    <Filter Include="헤더 파일\Shader">
      <UniqueIdentifier>{1667fa76-aa12-4e31-8d32-f12b1dc42280}</UniqueIdentifier>
    </Filter>
    <Filter Include="소스 파일\Load">
      <UniqueIdentifier>{d1e0e2bd-aba8-4f25-83f0-9fba523a232e}</UniqueIdentifier>
    </Filter>
    <Filter Include="헤더 파일\key">
      <UniqueIdentifier>{8bb47035-3184-4901-abf7-5f5af779cd40}</UniqueIdentifier>
    </Filter>
    <Filter Include="헤더 파일\Debug">
      <UniqueIdentifier>{b1083f7e-6c5e-4cc2-9548-8c21a83b047e}</UniqueIdentifier>
    </Filter>
    <Filter Include="헤더 파일\Mode">
      <UniqueIdentifier>{1ab445c5-5fa2-4b35-b31b-715ef78e181f}</UniqueIdentifier>
    </Filter>
    <Filter Include="헤더 파일\root">
      <UniqueIdentifier>{242ec515-613e-49db-a45b-66b49812ae62}</UniqueIdentifier>
    </Filter>
    <Filter Include="헤더 파일\Ui">
      <UniqueIdentifier>{787089d8-9e04-4a73-92e4-84e195661579}</UniqueIdentifier>
    </Filter>
  </ItemGroup>
  <ItemGroup>
    <None Include="vertex.glsl">
      <Filter>Shader</Filter>
    </None>
    <None Include="fragment.glsl">
      <Filter>Shader</Filter>
    </None>
    <None Include="vertex_ui.glsl">
      <Filter>Shader</Filter>
    </None>
    <None Include="fragment_ui.glsl">
      <Filter>Shader</Filter>
    </None>
  </ItemGroup>
  <ItemGroup>
    <ClInclude Include="BulletPhysics.h">
      <Filter>헤더 파일\BulletPhysics</Filter>
    </ClInclude>
    <ClInclude Include="CustomContactResultCallback.h">
      <Filter>헤더 파일\BulletPhysics</Filter>
    </ClInclude>
    <ClInclude Include="filetobuf.h">
      <Filter>헤더 파일\Load</Filter>
    </ClInclude>
    <ClInclude Include="LoadMtl.h">
      <Filter>헤더 파일\Load</Filter>
    </ClInclude>
    <ClInclude Include="LoadObj.h">
      <Filter>헤더 파일\Load</Filter>
    </ClInclude>
    <ClInclude Include="LoadTexture.h">
      <Filter>헤더 파일\Load</Filter>
    </ClInclude>
    <ClInclude Include="DefaultModel.h">
      <Filter>헤더 파일\Object</Filter>
    </ClInclude>
    <ClInclude Include="shaderMaker.h">
      <Filter>헤더 파일\Shader</Filter>
    </ClInclude>
    <ClInclude Include="KeyBoard.h">
      <Filter>헤더 파일\key</Filter>
    </ClInclude>
    <ClInclude Include="Camera.h">
      <Filter>헤더 파일\Object</Filter>
    </ClInclude>
    <ClInclude Include="Light.h">
      <Filter>헤더 파일\Object</Filter>
    </ClInclude>
    <ClInclude Include="Debug.h">
      <Filter>헤더 파일\Debug</Filter>
    </ClInclude>
    <ClInclude Include="LoadProgress.h">
      <Filter>헤더 파일\Debug</Filter>
    </ClInclude>
    <ClInclude Include="KartModel.h">
      <Filter>헤더 파일\Object</Filter>
    </ClInclude>
    <ClInclude Include="RoadModel.h">
      <Filter>헤더 파일\Object</Filter>
    </ClInclude>
    <ClInclude Include="Model.h">
      <Filter>헤더 파일\Object</Filter>
    </ClInclude>
    <ClInclude Include="Mode.h">
      <Filter>헤더 파일\Mode</Filter>
    </ClInclude>
    <ClInclude Include="ModeManager.h">
      <Filter>헤더 파일\Mode</Filter>
    </ClInclude>
    <ClInclude Include="root.h">
      <Filter>헤더 파일\root</Filter>
    </ClInclude>
    <ClInclude Include="LogoMode.h">
      <Filter>헤더 파일\Mode</Filter>
    </ClInclude>
    <ClInclude Include="LoadVideo.h">
      <Filter>헤더 파일\Load</Filter>
    </ClInclude>
    <ClInclude Include="LoadSound.h">
      <Filter>헤더 파일\Load</Filter>
    </ClInclude>
    <ClInclude Include="SelectMapMode.h">
      <Filter>헤더 파일\Mode</Filter>
    </ClInclude>
    <ClInclude Include="LoadImg.h">
      <Filter>헤더 파일\Load</Filter>
    </ClInclude>
    <ClInclude Include="Map1_Mode.h">
      <Filter>헤더 파일\Mode</Filter>
    </ClInclude>
    <ClInclude Include="Map2_Mode.h">
      <Filter>헤더 파일\Mode</Filter>
    </ClInclude>
    <ClInclude Include="MapModel.h">
      <Filter>헤더 파일\Mode</Filter>
    </ClInclude>
    <ClInclude Include="CharacterModel.h">
      <Filter>헤더 파일\Object</Filter>
    </ClInclude>
    <ClInclude Include="Ui.h">
      <Filter>헤더 파일\Ui</Filter>
    </ClInclude>
    <ClInclude Include="BarricateMap1Model.h">
      <Filter>헤더 파일\Object</Filter>
    </ClInclude>
    <ClInclude Include="Ui_v2.h">
      <Filter>헤더 파일\Ui</Filter>
    </ClInclude>
  </ItemGroup>
  <ItemGroup>
    <ClCompile Include="main.cpp">
      <Filter>소스 파일</Filter>
    </ClCompile>
    <ClCompile Include="filetobuf.cpp">
      <Filter>소스 파일\Load</Filter>
    </ClCompile>
    <ClCompile Include="Mode.cpp">
      <Filter>헤더 파일\Mode</Filter>
    </ClCompile>
  </ItemGroup>
</Project>