<?xml version="1.0" encoding="utf-8"?>
<Project ToolsVersion="17.0" xmlns="http://schemas.microsoft.com/developer/msbuild/2003">
  <ItemGroup>
    <ClCompile Include="C:\Mac\Home\Documents\bullet3\src\Bullet3Geometry\b3ConvexHullComputer.cpp">
      <Filter>Source Files</Filter>
    </ClCompile>
    <ClCompile Include="C:\Mac\Home\Documents\bullet3\src\Bullet3Geometry\b3GeometryUtil.cpp">
      <Filter>Source Files</Filter>
    </ClCompile>
  </ItemGroup>
  <ItemGroup>
    <ClInclude Include="C:\Mac\Home\Documents\bullet3\src\Bullet3Geometry\b3AabbUtil.h">
      <Filter>Header Files</Filter>
    </ClInclude>
    <ClInclude Include="C:\Mac\Home\Documents\bullet3\src\Bullet3Geometry\b3ConvexHullComputer.h">
      <Filter>Header Files</Filter>
    </ClInclude>
    <ClInclude Include="C:\Mac\Home\Documents\bullet3\src\Bullet3Geometry\b3GeometryUtil.h">
      <Filter>Header Files</Filter>
    </ClInclude>
    <ClInclude Include="C:\Mac\Home\Documents\bullet3\src\Bullet3Geometry\b3GrahamScan2dConvexHull.h">
      <Filter>Header Files</Filter>
    </ClInclude>
  </ItemGroup>
  <ItemGroup>
    <CustomBuild Include="C:\Mac\Home\Documents\bullet3\src\Bullet3Geometry\CMakeLists.txt" />
  </ItemGroup>
  <ItemGroup>
    <Filter Include="Header Files">
      <UniqueIdentifier>{3F197665-6939-3DA5-9A61-714B27AFD0BA}</UniqueIdentifier>
    </Filter>
    <Filter Include="Source Files">
      <UniqueIdentifier>{486BD46E-A1FD-36FD-927E-313616E4BD31}</UniqueIdentifier>
    </Filter>
  </ItemGroup>
</Project>
