<?xml version="1.0" encoding="utf-8"?>
<Project ToolsVersion="17.0" xmlns="http://schemas.microsoft.com/developer/msbuild/2003">
  <ItemGroup>
    <CustomBuild Include="C:\Mac\Home\Documents\bullet3\build\CMakeFiles\caacddb261b2a56460a4267d564a8af0\INSTALL_force.rule">
      <Filter>CMake Rules</Filter>
    </CustomBuild>
  </ItemGroup>
  <ItemGroup>
    <Filter Include="CMake Rules">
      <UniqueIdentifier>{0C4DDF78-D096-3130-88AB-081F1BCFDBB3}</UniqueIdentifier>
    </Filter>
  </ItemGroup>
</Project>
