<?xml version="1.0" encoding="utf-8"?>
<Project ToolsVersion="17.0" xmlns="http://schemas.microsoft.com/developer/msbuild/2003">
  <ItemGroup>
    <ClCompile Include="C:\Mac\Home\Documents\bullet3\src\Bullet3Dynamics\b3CpuRigidBodyPipeline.cpp">
      <Filter>Source Files</Filter>
    </ClCompile>
    <ClCompile Include="C:\Mac\Home\Documents\bullet3\src\Bullet3Dynamics\ConstraintSolver\b3FixedConstraint.cpp">
      <Filter>Source Files</Filter>
    </ClCompile>
    <ClCompile Include="C:\Mac\Home\Documents\bullet3\src\Bullet3Dynamics\ConstraintSolver\b3Generic6DofConstraint.cpp">
      <Filter>Source Files</Filter>
    </ClCompile>
    <ClCompile Include="C:\Mac\Home\Documents\bullet3\src\Bullet3Dynamics\ConstraintSolver\b3PgsJacobiSolver.cpp">
      <Filter>Source Files</Filter>
    </ClCompile>
    <ClCompile Include="C:\Mac\Home\Documents\bullet3\src\Bullet3Dynamics\ConstraintSolver\b3Point2PointConstraint.cpp">
      <Filter>Source Files</Filter>
    </ClCompile>
    <ClCompile Include="C:\Mac\Home\Documents\bullet3\src\Bullet3Dynamics\ConstraintSolver\b3TypedConstraint.cpp">
      <Filter>Source Files</Filter>
    </ClCompile>
  </ItemGroup>
  <ItemGroup>
    <ClInclude Include="C:\Mac\Home\Documents\bullet3\src\Bullet3Dynamics\b3CpuRigidBodyPipeline.h">
      <Filter>Header Files</Filter>
    </ClInclude>
    <ClInclude Include="C:\Mac\Home\Documents\bullet3\src\Bullet3Dynamics\ConstraintSolver\b3ContactSolverInfo.h">
      <Filter>Header Files</Filter>
    </ClInclude>
    <ClInclude Include="C:\Mac\Home\Documents\bullet3\src\Bullet3Dynamics\ConstraintSolver\b3FixedConstraint.h">
      <Filter>Header Files</Filter>
    </ClInclude>
    <ClInclude Include="C:\Mac\Home\Documents\bullet3\src\Bullet3Dynamics\ConstraintSolver\b3Generic6DofConstraint.h">
      <Filter>Header Files</Filter>
    </ClInclude>
    <ClInclude Include="C:\Mac\Home\Documents\bullet3\src\Bullet3Dynamics\ConstraintSolver\b3JacobianEntry.h">
      <Filter>Header Files</Filter>
    </ClInclude>
    <ClInclude Include="C:\Mac\Home\Documents\bullet3\src\Bullet3Dynamics\ConstraintSolver\b3PgsJacobiSolver.h">
      <Filter>Header Files</Filter>
    </ClInclude>
    <ClInclude Include="C:\Mac\Home\Documents\bullet3\src\Bullet3Dynamics\ConstraintSolver\b3Point2PointConstraint.h">
      <Filter>Header Files</Filter>
    </ClInclude>
    <ClInclude Include="C:\Mac\Home\Documents\bullet3\src\Bullet3Dynamics\ConstraintSolver\b3SolverBody.h">
      <Filter>Header Files</Filter>
    </ClInclude>
    <ClInclude Include="C:\Mac\Home\Documents\bullet3\src\Bullet3Dynamics\ConstraintSolver\b3SolverConstraint.h">
      <Filter>Header Files</Filter>
    </ClInclude>
    <ClInclude Include="C:\Mac\Home\Documents\bullet3\src\Bullet3Dynamics\ConstraintSolver\b3TypedConstraint.h">
      <Filter>Header Files</Filter>
    </ClInclude>
    <ClInclude Include="C:\Mac\Home\Documents\bullet3\src\Bullet3Dynamics\shared\b3ContactConstraint4.h">
      <Filter>Header Files</Filter>
    </ClInclude>
    <ClInclude Include="C:\Mac\Home\Documents\bullet3\src\Bullet3Dynamics\shared\b3ConvertConstraint4.h">
      <Filter>Header Files</Filter>
    </ClInclude>
    <ClInclude Include="C:\Mac\Home\Documents\bullet3\src\Bullet3Dynamics\shared\b3Inertia.h">
      <Filter>Header Files</Filter>
    </ClInclude>
    <ClInclude Include="C:\Mac\Home\Documents\bullet3\src\Bullet3Dynamics\shared\b3IntegrateTransforms.h">
      <Filter>Header Files</Filter>
    </ClInclude>
  </ItemGroup>
  <ItemGroup>
    <CustomBuild Include="C:\Mac\Home\Documents\bullet3\src\Bullet3Dynamics\CMakeLists.txt" />
  </ItemGroup>
  <ItemGroup>
    <Filter Include="Header Files">
      <UniqueIdentifier>{3F197665-6939-3DA5-9A61-714B27AFD0BA}</UniqueIdentifier>
    </Filter>
    <Filter Include="Source Files">
      <UniqueIdentifier>{486BD46E-A1FD-36FD-927E-313616E4BD31}</UniqueIdentifier>
    </Filter>
  </ItemGroup>
</Project>
